// !$*UTF8*$!
{
	archiveVersion = 1;
	classes = {
	};
	objectVersion = 50;
	objects = {

/* Begin PBXBuildFile section */
		1F64A8EB212B8369002F8E11 /* AppDelegate.swift in Sources */ = {isa = PBXBuildFile; fileRef = 1F64A8EA212B8369002F8E11 /* AppDelegate.swift */; };
		1F64A8ED212B8369002F8E11 /* ViewController.swift in Sources */ = {isa = PBXBuildFile; fileRef = 1F64A8EC212B8369002F8E11 /* ViewController.swift */; };
		1F64A8F0212B8369002F8E11 /* Main.storyboard in Resources */ = {isa = PBXBuildFile; fileRef = 1F64A8EE212B8369002F8E11 /* Main.storyboard */; };
		1F64A8F3212B8369002F8E11 /* ViewModelSample.xcdatamodeld in Sources */ = {isa = PBXBuildFile; fileRef = 1F64A8F1212B8369002F8E11 /* ViewModelSample.xcdatamodeld */; };
		1F64A8F5212B836B002F8E11 /* Assets.xcassets in Resources */ = {isa = PBXBuildFile; fileRef = 1F64A8F4212B836B002F8E11 /* Assets.xcassets */; };
		1F64A8F8212B836B002F8E11 /* LaunchScreen.storyboard in Resources */ = {isa = PBXBuildFile; fileRef = 1F64A8F6212B836B002F8E11 /* LaunchScreen.storyboard */; };
		1F64A903212B836B002F8E11 /* ViewModelSampleTests.swift in Sources */ = {isa = PBXBuildFile; fileRef = 1F64A902212B836B002F8E11 /* ViewModelSampleTests.swift */; };
/* End PBXBuildFile section */

/* Begin PBXContainerItemProxy section */
		1F64A8FF212B836B002F8E11 /* PBXContainerItemProxy */ = {
			isa = PBXContainerItemProxy;
			containerPortal = 1F64A8DF212B8369002F8E11 /* Project object */;
			proxyType = 1;
			remoteGlobalIDString = 1F64A8E6212B8369002F8E11;
			remoteInfo = ViewModelSample;
		};
/* End PBXContainerItemProxy section */

/* Begin PBXFileReference section */
		1F64A8E7212B8369002F8E11 /* ViewModelSample.app */ = {isa = PBXFileReference; explicitFileType = wrapper.application; includeInIndex = 0; path = ViewModelSample.app; sourceTree = BUILT_PRODUCTS_DIR; };
		1F64A8EA212B8369002F8E11 /* AppDelegate.swift */ = {isa = PBXFileReference; lastKnownFileType = sourcecode.swift; path = AppDelegate.swift; sourceTree = "<group>"; };
		1F64A8EC212B8369002F8E11 /* ViewController.swift */ = {isa = PBXFileReference; lastKnownFileType = sourcecode.swift; path = ViewController.swift; sourceTree = "<group>"; };
		1F64A8EF212B8369002F8E11 /* Base */ = {isa = PBXFileReference; lastKnownFileType = file.storyboard; name = Base; path = Base.lproj/Main.storyboard; sourceTree = "<group>"; };
		1F64A8F2212B8369002F8E11 /* ViewModelSample.xcdatamodel */ = {isa = PBXFileReference; lastKnownFileType = wrapper.xcdatamodel; path = ViewModelSample.xcdatamodel; sourceTree = "<group>"; };
		1F64A8F4212B836B002F8E11 /* Assets.xcassets */ = {isa = PBXFileReference; lastKnownFileType = folder.assetcatalog; path = Assets.xcassets; sourceTree = "<group>"; };
		1F64A8F7212B836B002F8E11 /* Base */ = {isa = PBXFileReference; lastKnownFileType = file.storyboard; name = Base; path = Base.lproj/LaunchScreen.storyboard; sourceTree = "<group>"; };
		1F64A8F9212B836B002F8E11 /* Info.plist */ = {isa = PBXFileReference; lastKnownFileType = text.plist.xml; path = Info.plist; sourceTree = "<group>"; };
		1F64A8FE212B836B002F8E11 /* ViewModelSampleTests.xctest */ = {isa = PBXFileReference; explicitFileType = wrapper.cfbundle; includeInIndex = 0; path = ViewModelSampleTests.xctest; sourceTree = BUILT_PRODUCTS_DIR; };
		1F64A902212B836B002F8E11 /* ViewModelSampleTests.swift */ = {isa = PBXFileReference; lastKnownFileType = sourcecode.swift; path = ViewModelSampleTests.swift; sourceTree = "<group>"; };
		1F64A904212B836B002F8E11 /* Info.plist */ = {isa = PBXFileReference; lastKnownFileType = text.plist.xml; path = Info.plist; sourceTree = "<group>"; };
/* End PBXFileReference section */

/* Begin PBXFrameworksBuildPhase section */
		1F64A8E4212B8369002F8E11 /* Frameworks */ = {
			isa = PBXFrameworksBuildPhase;
			buildActionMask = 2147483647;
			files = (
			);
			runOnlyForDeploymentPostprocessing = 0;
		};
		1F64A8FB212B836B002F8E11 /* Frameworks */ = {
			isa = PBXFrameworksBuildPhase;
			buildActionMask = 2147483647;
			files = (
			);
			runOnlyForDeploymentPostprocessing = 0;
		};
/* End PBXFrameworksBuildPhase section */

/* Begin PBXGroup section */
		1F64A8DE212B8369002F8E11 = {
			isa = PBXGroup;
			children = (
				1F64A8E9212B8369002F8E11 /* ViewModelSample */,
				1F64A901212B836B002F8E11 /* ViewModelSampleTests */,
				1F64A8E8212B8369002F8E11 /* Products */,
			);
			sourceTree = "<group>";
		};
		1F64A8E8212B8369002F8E11 /* Products */ = {
			isa = PBXGroup;
			children = (
				1F64A8E7212B8369002F8E11 /* ViewModelSample.app */,
				1F64A8FE212B836B002F8E11 /* ViewModelSampleTests.xctest */,
			);
			name = Products;
			sourceTree = "<group>";
		};
		1F64A8E9212B8369002F8E11 /* ViewModelSample */ = {
			isa = PBXGroup;
			children = (
				1F64A8EA212B8369002F8E11 /* AppDelegate.swift */,
				1F64A8EC212B8369002F8E11 /* ViewController.swift */,
				1F64A8EE212B8369002F8E11 /* Main.storyboard */,
				1F64A8F4212B836B002F8E11 /* Assets.xcassets */,
				1F64A8F6212B836B002F8E11 /* LaunchScreen.storyboard */,
				1F64A8F9212B836B002F8E11 /* Info.plist */,
				1F64A8F1212B8369002F8E11 /* ViewModelSample.xcdatamodeld */,
			);
			path = ViewModelSample;
			sourceTree = "<group>";
		};
		1F64A901212B836B002F8E11 /* ViewModelSampleTests */ = {
			isa = PBXGroup;
			children = (
				1F64A902212B836B002F8E11 /* ViewModelSampleTests.swift */,
				1F64A904212B836B002F8E11 /* Info.plist */,
			);
			path = ViewModelSampleTests;
			sourceTree = "<group>";
		};
/* End PBXGroup section */

/* Begin PBXNativeTarget section */
		1F64A8E6212B8369002F8E11 /* ViewModelSample */ = {
			isa = PBXNativeTarget;
			buildConfigurationList = 1F64A907212B836B002F8E11 /* Build configuration list for PBXNativeTarget "ViewModelSample" */;
			buildPhases = (
				1F64A8E3212B8369002F8E11 /* Sources */,
				1F64A8E4212B8369002F8E11 /* Frameworks */,
				1F64A8E5212B8369002F8E11 /* Resources */,
			);
			buildRules = (
			);
			dependencies = (
			);
			name = ViewModelSample;
			productName = ViewModelSample;
			productReference = 1F64A8E7212B8369002F8E11 /* ViewModelSample.app */;
			productType = "com.apple.product-type.application";
		};
		1F64A8FD212B836B002F8E11 /* ViewModelSampleTests */ = {
			isa = PBXNativeTarget;
			buildConfigurationList = 1F64A90A212B836B002F8E11 /* Build configuration list for PBXNativeTarget "ViewModelSampleTests" */;
			buildPhases = (
				1F64A8FA212B836B002F8E11 /* Sources */,
				1F64A8FB212B836B002F8E11 /* Frameworks */,
				1F64A8FC212B836B002F8E11 /* Resources */,
			);
			buildRules = (
			);
			dependencies = (
				1F64A900212B836B002F8E11 /* PBXTargetDependency */,
			);
			name = ViewModelSampleTests;
			productName = ViewModelSampleTests;
			productReference = 1F64A8FE212B836B002F8E11 /* ViewModelSampleTests.xctest */;
			productType = "com.apple.product-type.bundle.unit-test";
		};
/* End PBXNativeTarget section */

/* Begin PBXProject section */
		1F64A8DF212B8369002F8E11 /* Project object */ = {
			isa = PBXProject;
			attributes = {
				LastSwiftUpdateCheck = 1000;
				LastUpgradeCheck = 1000;
				ORGANIZATIONNAME = ActiveCampaign;
				TargetAttributes = {
					1F64A8E6212B8369002F8E11 = {
						CreatedOnToolsVersion = 10.0;
					};
					1F64A8FD212B836B002F8E11 = {
						CreatedOnToolsVersion = 10.0;
						TestTargetID = 1F64A8E6212B8369002F8E11;
					};
				};
			};
			buildConfigurationList = 1F64A8E2212B8369002F8E11 /* Build configuration list for PBXProject "ViewModelSample" */;
			compatibilityVersion = "Xcode 9.3";
			developmentRegion = en;
			hasScannedForEncodings = 0;
			knownRegions = (
				en,
				Base,
			);
			mainGroup = 1F64A8DE212B8369002F8E11;
			productRefGroup = 1F64A8E8212B8369002F8E11 /* Products */;
			projectDirPath = "";
			projectRoot = "";
			targets = (
				1F64A8E6212B8369002F8E11 /* ViewModelSample */,
				1F64A8FD212B836B002F8E11 /* ViewModelSampleTests */,
			);
		};
/* End PBXProject section */

/* Begin PBXResourcesBuildPhase section */
		1F64A8E5212B8369002F8E11 /* Resources */ = {
			isa = PBXResourcesBuildPhase;
			buildActionMask = 2147483647;
			files = (
				1F64A8F8212B836B002F8E11 /* LaunchScreen.storyboard in Resources */,
				1F64A8F5212B836B002F8E11 /* Assets.xcassets in Resources */,
				1F64A8F0212B8369002F8E11 /* Main.storyboard in Resources */,
			);
			runOnlyForDeploymentPostprocessing = 0;
		};
		1F64A8FC212B836B002F8E11 /* Resources */ = {
			isa = PBXResourcesBuildPhase;
			buildActionMask = 2147483647;
			files = (
			);
			runOnlyForDeploymentPostprocessing = 0;
		};
/* End PBXResourcesBuildPhase section */

/* Begin PBXSourcesBuildPhase section */
		1F64A8E3212B8369002F8E11 /* Sources */ = {
			isa = PBXSourcesBuildPhase;
			buildActionMask = 2147483647;
			files = (
				1F64A8ED212B8369002F8E11 /* ViewController.swift in Sources */,
				1F64A8EB212B8369002F8E11 /* AppDelegate.swift in Sources */,
				1F64A8F3212B8369002F8E11 /* ViewModelSample.xcdatamodeld in Sources */,
			);
			runOnlyForDeploymentPostprocessing = 0;
		};
		1F64A8FA212B836B002F8E11 /* Sources */ = {
			isa = PBXSourcesBuildPhase;
			buildActionMask = 2147483647;
			files = (
				1F64A903212B836B002F8E11 /* ViewModelSampleTests.swift in Sources */,
			);
			runOnlyForDeploymentPostprocessing = 0;
		};
/* End PBXSourcesBuildPhase section */

/* Begin PBXTargetDependency section */
		1F64A900212B836B002F8E11 /* PBXTargetDependency */ = {
			isa = PBXTargetDependency;
			target = 1F64A8E6212B8369002F8E11 /* ViewModelSample */;
			targetProxy = 1F64A8FF212B836B002F8E11 /* PBXContainerItemProxy */;
		};
/* End PBXTargetDependency section */

/* Begin PBXVariantGroup section */
		1F64A8EE212B8369002F8E11 /* Main.storyboard */ = {
			isa = PBXVariantGroup;
			children = (
				1F64A8EF212B8369002F8E11 /* Base */,
			);
			name = Main.storyboard;
			sourceTree = "<group>";
		};
		1F64A8F6212B836B002F8E11 /* LaunchScreen.storyboard */ = {
			isa = PBXVariantGroup;
			children = (
				1F64A8F7212B836B002F8E11 /* Base */,
			);
			name = LaunchScreen.storyboard;
			sourceTree = "<group>";
		};
/* End PBXVariantGroup section */

/* Begin XCBuildConfiguration section */
		1F64A905212B836B002F8E11 /* Debug */ = {
			isa = XCBuildConfiguration;
			buildSettings = {
				ALWAYS_SEARCH_USER_PATHS = NO;
				CLANG_ANALYZER_NONNULL = YES;
				CLANG_ANALYZER_NUMBER_OBJECT_CONVERSION = YES_AGGRESSIVE;
				CLANG_CXX_LANGUAGE_STANDARD = "gnu++14";
				CLANG_CXX_LIBRARY = "libc++";
				CLANG_ENABLE_MODULES = YES;
				CLANG_ENABLE_OBJC_ARC = YES;
				CLANG_ENABLE_OBJC_WEAK = YES;
				CLANG_WARN_BLOCK_CAPTURE_AUTORELEASING = YES;
				CLANG_WARN_BOOL_CONVERSION = YES;
				CLANG_WARN_COMMA = YES;
				CLANG_WARN_CONSTANT_CONVERSION = YES;
				CLANG_WARN_DEPRECATED_OBJC_IMPLEMENTATIONS = YES;
				CLANG_WARN_DIRECT_OBJC_ISA_USAGE = YES_ERROR;
				CLANG_WARN_DOCUMENTATION_COMMENTS = YES;
				CLANG_WARN_EMPTY_BODY = YES;
				CLANG_WARN_ENUM_CONVERSION = YES;
				CLANG_WARN_INFINITE_RECURSION = YES;
				CLANG_WARN_INT_CONVERSION = YES;
				CLANG_WARN_NON_LITERAL_NULL_CONVERSION = YES;
				CLANG_WARN_OBJC_IMPLICIT_RETAIN_SELF = YES;
				CLANG_WARN_OBJC_LITERAL_CONVERSION = YES;
				CLANG_WARN_OBJC_ROOT_CLASS = YES_ERROR;
				CLANG_WARN_RANGE_LOOP_ANALYSIS = YES;
				CLANG_WARN_STRICT_PROTOTYPES = YES;
				CLANG_WARN_SUSPICIOUS_MOVE = YES;
				CLANG_WARN_UNGUARDED_AVAILABILITY = YES_AGGRESSIVE;
				CLANG_WARN_UNREACHABLE_CODE = YES;
				CLANG_WARN__DUPLICATE_METHOD_MATCH = YES;
				CODE_SIGN_IDENTITY = "iPhone Developer";
				COPY_PHASE_STRIP = NO;
				DEBUG_INFORMATION_FORMAT = dwarf;
				ENABLE_STRICT_OBJC_MSGSEND = YES;
				ENABLE_TESTABILITY = YES;
				GCC_C_LANGUAGE_STANDARD = gnu11;
				GCC_DYNAMIC_NO_PIC = NO;
				GCC_NO_COMMON_BLOCKS = YES;
				GCC_OPTIMIZATION_LEVEL = 0;
				GCC_PREPROCESSOR_DEFINITIONS = (
					"DEBUG=1",
					"$(inherited)",
				);
				GCC_WARN_64_TO_32_BIT_CONVERSION = YES;
				GCC_WARN_ABOUT_RETURN_TYPE = YES_ERROR;
				GCC_WARN_UNDECLARED_SELECTOR = YES;
				GCC_WARN_UNINITIALIZED_AUTOS = YES_AGGRESSIVE;
				GCC_WARN_UNUSED_FUNCTION = YES;
				GCC_WARN_UNUSED_VARIABLE = YES;
				IPHONEOS_DEPLOYMENT_TARGET = 12.0;
				MTL_ENABLE_DEBUG_INFO = INCLUDE_SOURCE;
				MTL_FAST_MATH = YES;
				ONLY_ACTIVE_ARCH = YES;
				SDKROOT = iphoneos;
				SWIFT_ACTIVE_COMPILATION_CONDITIONS = DEBUG;
				SWIFT_OPTIMIZATION_LEVEL = "-Onone";
			};
			name = Debug;
		};
		1F64A906212B836B002F8E11 /* Release */ = {
			isa = XCBuildConfiguration;
			buildSettings = {
				ALWAYS_SEARCH_USER_PATHS = NO;
				CLANG_ANALYZER_NONNULL = YES;
				CLANG_ANALYZER_NUMBER_OBJECT_CONVERSION = YES_AGGRESSIVE;
				CLANG_CXX_LANGUAGE_STANDARD = "gnu++14";
				CLANG_CXX_LIBRARY = "libc++";
				CLANG_ENABLE_MODULES = YES;
				CLANG_ENABLE_OBJC_ARC = YES;
				CLANG_ENABLE_OBJC_WEAK = YES;
				CLANG_WARN_BLOCK_CAPTURE_AUTORELEASING = YES;
				CLANG_WARN_BOOL_CONVERSION = YES;
				CLANG_WARN_COMMA = YES;
				CLANG_WARN_CONSTANT_CONVERSION = YES;
				CLANG_WARN_DEPRECATED_OBJC_IMPLEMENTATIONS = YES;
				CLANG_WARN_DIRECT_OBJC_ISA_USAGE = YES_ERROR;
				CLANG_WARN_DOCUMENTATION_COMMENTS = YES;
				CLANG_WARN_EMPTY_BODY = YES;
				CLANG_WARN_ENUM_CONVERSION = YES;
				CLANG_WARN_INFINITE_RECURSION = YES;
				CLANG_WARN_INT_CONVERSION = YES;
				CLANG_WARN_NON_LITERAL_NULL_CONVERSION = YES;
				CLANG_WARN_OBJC_IMPLICIT_RETAIN_SELF = YES;
				CLANG_WARN_OBJC_LITERAL_CONVERSION = YES;
				CLANG_WARN_OBJC_ROOT_CLASS = YES_ERROR;
				CLANG_WARN_RANGE_LOOP_ANALYSIS = YES;
				CLANG_WARN_STRICT_PROTOTYPES = YES;
				CLANG_WARN_SUSPICIOUS_MOVE = YES;
				CLANG_WARN_UNGUARDED_AVAILABILITY = YES_AGGRESSIVE;
				CLANG_WARN_UNREACHABLE_CODE = YES;
				CLANG_WARN__DUPLICATE_METHOD_MATCH = YES;
				CODE_SIGN_IDENTITY = "iPhone Developer";
				COPY_PHASE_STRIP = NO;
				DEBUG_INFORMATION_FORMAT = "dwarf-with-dsym";
				ENABLE_NS_ASSERTIONS = NO;
				ENABLE_STRICT_OBJC_MSGSEND = YES;
				GCC_C_LANGUAGE_STANDARD = gnu11;
				GCC_NO_COMMON_BLOCKS = YES;
				GCC_WARN_64_TO_32_BIT_CONVERSION = YES;
				GCC_WARN_ABOUT_RETURN_TYPE = YES_ERROR;
				GCC_WARN_UNDECLARED_SELECTOR = YES;
				GCC_WARN_UNINITIALIZED_AUTOS = YES_AGGRESSIVE;
				GCC_WARN_UNUSED_FUNCTION = YES;
				GCC_WARN_UNUSED_VARIABLE = YES;
				IPHONEOS_DEPLOYMENT_TARGET = 12.0;
				MTL_ENABLE_DEBUG_INFO = NO;
				MTL_FAST_MATH = YES;
				SDKROOT = iphoneos;
				SWIFT_COMPILATION_MODE = wholemodule;
				SWIFT_OPTIMIZATION_LEVEL = "-O";
				VALIDATE_PRODUCT = YES;
			};
			name = Release;
		};
		1F64A908212B836B002F8E11 /* Debug */ = {
			isa = XCBuildConfiguration;
			buildSettings = {
				ASSETCATALOG_COMPILER_APPICON_NAME = AppIcon;
				CODE_SIGN_STYLE = Automatic;
				DEVELOPMENT_TEAM = 6KV8F2XT32;
				INFOPLIST_FILE = ViewModelSample/Info.plist;
				LD_RUNPATH_SEARCH_PATHS = (
					"$(inherited)",
					"@executable_path/Frameworks",
				);
				PRODUCT_BUNDLE_IDENTIFIER = com.activecampaign.ViewModelSample;
				PRODUCT_NAME = "$(TARGET_NAME)";
				SWIFT_VERSION = 4.2;
				TARGETED_DEVICE_FAMILY = "1,2";
			};
			name = Debug;
		};
		1F64A909212B836B002F8E11 /* Release */ = {
			isa = XCBuildConfiguration;
			buildSettings = {
				ASSETCATALOG_COMPILER_APPICON_NAME = AppIcon;
				CODE_SIGN_STYLE = Automatic;
				DEVELOPMENT_TEAM = 6KV8F2XT32;
				INFOPLIST_FILE = ViewModelSample/Info.plist;
				LD_RUNPATH_SEARCH_PATHS = (
					"$(inherited)",
					"@executable_path/Frameworks",
				);
				PRODUCT_BUNDLE_IDENTIFIER = com.activecampaign.ViewModelSample;
				PRODUCT_NAME = "$(TARGET_NAME)";
				SWIFT_VERSION = 4.2;
				TARGETED_DEVICE_FAMILY = "1,2";
			};
			name = Release;
		};
		1F64A90B212B836B002F8E11 /* Debug */ = {
			isa = XCBuildConfiguration;
			buildSettings = {
				ALWAYS_EMBED_SWIFT_STANDARD_LIBRARIES = YES;
				BUNDLE_LOADER = "$(TEST_HOST)";
				CODE_SIGN_STYLE = Automatic;
				DEVELOPMENT_TEAM = 6KV8F2XT32;
				INFOPLIST_FILE = ViewModelSampleTests/Info.plist;
				LD_RUNPATH_SEARCH_PATHS = (
					"$(inherited)",
					"@executable_path/Frameworks",
					"@loader_path/Frameworks",
				);
				PRODUCT_BUNDLE_IDENTIFIER = com.activecampaign.ViewModelSampleTests;
				PRODUCT_NAME = "$(TARGET_NAME)";
				SWIFT_VERSION = 4.2;
				TARGETED_DEVICE_FAMILY = "1,2";
				TEST_HOST = "$(BUILT_PRODUCTS_DIR)/ViewModelSample.app/ViewModelSample";
			};
			name = Debug;
		};
		1F64A90C212B836B002F8E11 /* Release */ = {
			isa = XCBuildConfiguration;
			buildSettings = {
				ALWAYS_EMBED_SWIFT_STANDARD_LIBRARIES = YES;
				BUNDLE_LOADER = "$(TEST_HOST)";
				CODE_SIGN_STYLE = Automatic;
				DEVELOPMENT_TEAM = 6KV8F2XT32;
				INFOPLIST_FILE = ViewModelSampleTests/Info.plist;
				LD_RUNPATH_SEARCH_PATHS = (
					"$(inherited)",
					"@executable_path/Frameworks",
					"@loader_path/Frameworks",
				);
				PRODUCT_BUNDLE_IDENTIFIER = com.activecampaign.ViewModelSampleTests;
				PRODUCT_NAME = "$(TARGET_NAME)";
				SWIFT_VERSION = 4.2;
				TARGETED_DEVICE_FAMILY = "1,2";
				TEST_HOST = "$(BUILT_PRODUCTS_DIR)/ViewModelSample.app/ViewModelSample";
			};
			name = Release;
		};
/* End XCBuildConfiguration section */

/* Begin XCConfigurationList section */
		1F64A8E2212B8369002F8E11 /* Build configuration list for PBXProject "ViewModelSample" */ = {
			isa = XCConfigurationList;
			buildConfigurations = (
				1F64A905212B836B002F8E11 /* Debug */,
				1F64A906212B836B002F8E11 /* Release */,
			);
			defaultConfigurationIsVisible = 0;
			defaultConfigurationName = Release;
		};
		1F64A907212B836B002F8E11 /* Build configuration list for PBXNativeTarget "ViewModelSample" */ = {
			isa = XCConfigurationList;
			buildConfigurations = (
				1F64A908212B836B002F8E11 /* Debug */,
				1F64A909212B836B002F8E11 /* Release */,
			);
			defaultConfigurationIsVisible = 0;
			defaultConfigurationName = Release;
		};
		1F64A90A212B836B002F8E11 /* Build configuration list for PBXNativeTarget "ViewModelSampleTests" */ = {
			isa = XCConfigurationList;
			buildConfigurations = (
				1F64A90B212B836B002F8E11 /* Debug */,
				1F64A90C212B836B002F8E11 /* Release */,
			);
			defaultConfigurationIsVisible = 0;
			defaultConfigurationName = Release;
		};
/* End XCConfigurationList section */

/* Begin XCVersionGroup section */
		1F64A8F1212B8369002F8E11 /* ViewModelSample.xcdatamodeld */ = {
			isa = XCVersionGroup;
			children = (
				1F64A8F2212B8369002F8E11 /* ViewModelSample.xcdatamodel */,
			);
			currentVersion = 1F64A8F2212B8369002F8E11 /* ViewModelSample.xcdatamodel */;
			path = ViewModelSample.xcdatamodeld;
			sourceTree = "<group>";
			versionGroupType = wrapper.xcdatamodel;
		};
/* End XCVersionGroup section */
	};
	rootObject = 1F64A8DF212B8369002F8E11 /* Project object */;
}
